PODS:
  - Alamofire (5.2.0)
  - JHSpinner (0.2.1)
  - Zip (1.1.0)

DEPENDENCIES:
  - Alamofire (= 5.2)
  - JHSpinner (= 0.2.1)
  - Zip (= 1.1)

SPEC REPOS:
  trunk:
    - Alamofire
    - JHSpinner
    - Zip

SPEC CHECKSUMS:
  Alamofire: c1ca147559e730bfb2182c8c7aafbdd90a867987
  JHSpinner: bf7cc91a7e0ccad6336d2b0a3429dd34e7325e65
  Zip: 8877eede3dda76bcac281225c20e71c25270774c

PODFILE CHECKSUM: ef22d3cf72e3231ea0a08ac1cccec54578727dc3

COCOAPODS: 1.9.1
